
Microsoft Visual Studio Solution File, Format Version 12.00
# Visual Studio Version 17
VisualStudioVersion = 17.0.31612.314
MinimumVisualStudioVersion = 10.0.40219.1
Project("{9A19103F-16F7-4668-BE54-9A1E7A4F7556}") = "_build", "build\_build.csproj", "{FC3A8694-B672-4D67-BBDD-3AEA818DCC81}"
EndProject
Project("{9A19103F-16F7-4668-BE54-9A1E7A4F7556}") = "FinanceManage.TelegramBot", "FinanceManage\FinanceManage.TelegramBot\FinanceManage.TelegramBot.csproj", "{364E3A56-EBE1-4FC3-AD88-7B37C0860F5B}"
EndProject
Project("{9A19103F-16F7-4668-BE54-9A1E7A4F7556}") = "FinanceManage.Models", "FinanceManage\FinanceManage.Models\FinanceManage.Models.csproj", "{9C3FDFAB-823A-41C7-B89B-D2B7D3750762}"
EndProject
Project("{9A19103F-16F7-4668-BE54-9A1E7A4F7556}") = "FinanceManage.Database", "FinanceManage\FinanceManage.Database\FinanceManage.Database.csproj", "{3F8513AA-0420-4DBF-B571-048761B3A4D2}"
EndProject
Project("{9A19103F-16F7-4668-BE54-9A1E7A4F7556}") = "FinanceManage.Site.Server", "FinanceManage\FinanceManage.Site\Server\FinanceManage.Site.Server.csproj", "{5F1F2A27-FFCE-4E0D-8974-A4BB84C8A2CD}"
EndProject
Project("{9A19103F-16F7-4668-BE54-9A1E7A4F7556}") = "FinanceManage.Site.Client", "FinanceManage\FinanceManage.Site\Client\FinanceManage.Site.Client.csproj", "{F1E77C71-8184-42AB-8C06-1B64C64F3084}"
EndProject
Project("{9A19103F-16F7-4668-BE54-9A1E7A4F7556}") = "FinanceManage.Site.Shared", "FinanceManage\FinanceManage.Site\Shared\FinanceManage.Site.Shared.csproj", "{72BE4E15-6246-4989-B5C3-DEDCF9E693C1}"
EndProject
Project("{9A19103F-16F7-4668-BE54-9A1E7A4F7556}") = "BuildConfiguration", "BuildConfiguration\BuildConfiguration.csproj", "{BBD2B86D-1005-4F9B-A144-474655936924}"
EndProject
Project("{9A19103F-16F7-4668-BE54-9A1E7A4F7556}") = "Models.ServerSide", "FinanceManage\Models.ServerSide\Models.ServerSide.csproj", "{C9AEBBEB-EFC0-47F2-BC33-BE6C9C57E6E0}"
EndProject
Project("{2150E333-8FDC-42A3-9474-1A3956D46DE8}") = "Solution Items", "Solution Items", "{773F6CC2-F298-40B3-B670-5C19AA4D21ED}"
	ProjectSection(SolutionItems) = preProject
		docker-compose.override.yml = docker-compose.override.yml
		docker-compose.production.yml = docker-compose.production.yml
		docker-compose.yml = docker-compose.yml
	EndProjectSection
EndProject
Project("{9A19103F-16F7-4668-BE54-9A1E7A4F7556}") = "FinanceManage.CQRS", "FinanceManage\FinanceManage.CQRS\FinanceManage.CQRS.csproj", "{6C87477A-215E-426D-A39F-536FAB8B9B2C}"
EndProject
Project("{9A19103F-16F7-4668-BE54-9A1E7A4F7556}") = "FinanceManage.CQRS.Handlers.Server", "FinanceManage\FinanceManage.CQRS.Handlers.Server\FinanceManage.CQRS.Handlers.Server.csproj", "{E9C19602-2F0B-4C96-A5EE-C4F71B366A5E}"
EndProject
Project("{9A19103F-16F7-4668-BE54-9A1E7A4F7556}") = "FinanceManage.CQRS.Handlers.Client", "FinanceManage\FinanceManage.CQRS.Handlers.Client\FinanceManage.CQRS.Handlers.Client.csproj", "{6B70C1F7-5DA7-49C2-B41A-C019B2AD2134}"
EndProject
Project("{9A19103F-16F7-4668-BE54-9A1E7A4F7556}") = "AntDesign.Charts", "ant-design-charts-blazor\src\AntDesign.Charts\AntDesign.Charts.csproj", "{F72ED726-4C4B-4DDC-AD96-D06B2CBA351B}"
EndProject
Project("{9A19103F-16F7-4668-BE54-9A1E7A4F7556}") = "FinanceManage.Telegram.Shared", "FinanceManage\FinanceManage.Telegram.Shared\FinanceManage.Telegram.Shared.csproj", "{8D2DDB54-92AA-4F1E-A9F1-92620BF2A87C}"
EndProject
Project("{FAE04EC0-301F-11D3-BF4B-00C04F79EFBC}") = "Shared", "Shared\Shared.csproj", "{0FE90296-729E-48F7-B3FF-5497270AAC53}"
EndProject
Global
	GlobalSection(SolutionConfigurationPlatforms) = preSolution
		Debug|Any CPU = Debug|Any CPU
		Release|Any CPU = Release|Any CPU
	EndGlobalSection
	GlobalSection(ProjectConfigurationPlatforms) = postSolution
		{FC3A8694-B672-4D67-BBDD-3AEA818DCC81}.Debug|Any CPU.ActiveCfg = Debug|Any CPU
		{FC3A8694-B672-4D67-BBDD-3AEA818DCC81}.Release|Any CPU.ActiveCfg = Release|Any CPU
		{364E3A56-EBE1-4FC3-AD88-7B37C0860F5B}.Debug|Any CPU.ActiveCfg = Debug|Any CPU
		{364E3A56-EBE1-4FC3-AD88-7B37C0860F5B}.Debug|Any CPU.Build.0 = Debug|Any CPU
		{364E3A56-EBE1-4FC3-AD88-7B37C0860F5B}.Release|Any CPU.ActiveCfg = Release|Any CPU
		{364E3A56-EBE1-4FC3-AD88-7B37C0860F5B}.Release|Any CPU.Build.0 = Release|Any CPU
		{9C3FDFAB-823A-41C7-B89B-D2B7D3750762}.Debug|Any CPU.ActiveCfg = Debug|Any CPU
		{9C3FDFAB-823A-41C7-B89B-D2B7D3750762}.Debug|Any CPU.Build.0 = Debug|Any CPU
		{9C3FDFAB-823A-41C7-B89B-D2B7D3750762}.Release|Any CPU.ActiveCfg = Release|Any CPU
		{9C3FDFAB-823A-41C7-B89B-D2B7D3750762}.Release|Any CPU.Build.0 = Release|Any CPU
		{3F8513AA-0420-4DBF-B571-048761B3A4D2}.Debug|Any CPU.ActiveCfg = Debug|Any CPU
		{3F8513AA-0420-4DBF-B571-048761B3A4D2}.Debug|Any CPU.Build.0 = Debug|Any CPU
		{3F8513AA-0420-4DBF-B571-048761B3A4D2}.Release|Any CPU.ActiveCfg = Release|Any CPU
		{3F8513AA-0420-4DBF-B571-048761B3A4D2}.Release|Any CPU.Build.0 = Release|Any CPU
		{5F1F2A27-FFCE-4E0D-8974-A4BB84C8A2CD}.Debug|Any CPU.ActiveCfg = Debug|Any CPU
		{5F1F2A27-FFCE-4E0D-8974-A4BB84C8A2CD}.Debug|Any CPU.Build.0 = Debug|Any CPU
		{5F1F2A27-FFCE-4E0D-8974-A4BB84C8A2CD}.Release|Any CPU.ActiveCfg = Release|Any CPU
		{5F1F2A27-FFCE-4E0D-8974-A4BB84C8A2CD}.Release|Any CPU.Build.0 = Release|Any CPU
		{F1E77C71-8184-42AB-8C06-1B64C64F3084}.Debug|Any CPU.ActiveCfg = Debug|Any CPU
		{F1E77C71-8184-42AB-8C06-1B64C64F3084}.Debug|Any CPU.Build.0 = Debug|Any CPU
		{F1E77C71-8184-42AB-8C06-1B64C64F3084}.Release|Any CPU.ActiveCfg = Release|Any CPU
		{F1E77C71-8184-42AB-8C06-1B64C64F3084}.Release|Any CPU.Build.0 = Release|Any CPU
		{72BE4E15-6246-4989-B5C3-DEDCF9E693C1}.Debug|Any CPU.ActiveCfg = Debug|Any CPU
		{72BE4E15-6246-4989-B5C3-DEDCF9E693C1}.Debug|Any CPU.Build.0 = Debug|Any CPU
		{72BE4E15-6246-4989-B5C3-DEDCF9E693C1}.Release|Any CPU.ActiveCfg = Release|Any CPU
		{72BE4E15-6246-4989-B5C3-DEDCF9E693C1}.Release|Any CPU.Build.0 = Release|Any CPU
		{BBD2B86D-1005-4F9B-A144-474655936924}.Debug|Any CPU.ActiveCfg = Debug|Any CPU
		{BBD2B86D-1005-4F9B-A144-474655936924}.Debug|Any CPU.Build.0 = Debug|Any CPU
		{BBD2B86D-1005-4F9B-A144-474655936924}.Release|Any CPU.ActiveCfg = Release|Any CPU
		{BBD2B86D-1005-4F9B-A144-474655936924}.Release|Any CPU.Build.0 = Release|Any CPU
		{C9AEBBEB-EFC0-47F2-BC33-BE6C9C57E6E0}.Debug|Any CPU.ActiveCfg = Debug|Any CPU
		{C9AEBBEB-EFC0-47F2-BC33-BE6C9C57E6E0}.Debug|Any CPU.Build.0 = Debug|Any CPU
		{C9AEBBEB-EFC0-47F2-BC33-BE6C9C57E6E0}.Release|Any CPU.ActiveCfg = Release|Any CPU
		{C9AEBBEB-EFC0-47F2-BC33-BE6C9C57E6E0}.Release|Any CPU.Build.0 = Release|Any CPU
		{6C87477A-215E-426D-A39F-536FAB8B9B2C}.Debug|Any CPU.ActiveCfg = Debug|Any CPU
		{6C87477A-215E-426D-A39F-536FAB8B9B2C}.Debug|Any CPU.Build.0 = Debug|Any CPU
		{6C87477A-215E-426D-A39F-536FAB8B9B2C}.Release|Any CPU.ActiveCfg = Release|Any CPU
		{6C87477A-215E-426D-A39F-536FAB8B9B2C}.Release|Any CPU.Build.0 = Release|Any CPU
		{E9C19602-2F0B-4C96-A5EE-C4F71B366A5E}.Debug|Any CPU.ActiveCfg = Debug|Any CPU
		{E9C19602-2F0B-4C96-A5EE-C4F71B366A5E}.Debug|Any CPU.Build.0 = Debug|Any CPU
		{E9C19602-2F0B-4C96-A5EE-C4F71B366A5E}.Release|Any CPU.ActiveCfg = Release|Any CPU
		{E9C19602-2F0B-4C96-A5EE-C4F71B366A5E}.Release|Any CPU.Build.0 = Release|Any CPU
		{6B70C1F7-5DA7-49C2-B41A-C019B2AD2134}.Debug|Any CPU.ActiveCfg = Debug|Any CPU
		{6B70C1F7-5DA7-49C2-B41A-C019B2AD2134}.Debug|Any CPU.Build.0 = Debug|Any CPU
		{6B70C1F7-5DA7-49C2-B41A-C019B2AD2134}.Release|Any CPU.ActiveCfg = Release|Any CPU
		{6B70C1F7-5DA7-49C2-B41A-C019B2AD2134}.Release|Any CPU.Build.0 = Release|Any CPU
		{F72ED726-4C4B-4DDC-AD96-D06B2CBA351B}.Debug|Any CPU.ActiveCfg = Debug|Any CPU
		{F72ED726-4C4B-4DDC-AD96-D06B2CBA351B}.Debug|Any CPU.Build.0 = Debug|Any CPU
		{F72ED726-4C4B-4DDC-AD96-D06B2CBA351B}.Release|Any CPU.ActiveCfg = Release|Any CPU
		{F72ED726-4C4B-4DDC-AD96-D06B2CBA351B}.Release|Any CPU.Build.0 = Release|Any CPU
		{8D2DDB54-92AA-4F1E-A9F1-92620BF2A87C}.Debug|Any CPU.ActiveCfg = Debug|Any CPU
		{8D2DDB54-92AA-4F1E-A9F1-92620BF2A87C}.Debug|Any CPU.Build.0 = Debug|Any CPU
		{8D2DDB54-92AA-4F1E-A9F1-92620BF2A87C}.Release|Any CPU.ActiveCfg = Release|Any CPU
		{8D2DDB54-92AA-4F1E-A9F1-92620BF2A87C}.Release|Any CPU.Build.0 = Release|Any CPU
		{0FE90296-729E-48F7-B3FF-5497270AAC53}.Debug|Any CPU.ActiveCfg = Debug|Any CPU
		{0FE90296-729E-48F7-B3FF-5497270AAC53}.Debug|Any CPU.Build.0 = Debug|Any CPU
		{0FE90296-729E-48F7-B3FF-5497270AAC53}.Release|Any CPU.ActiveCfg = Release|Any CPU
		{0FE90296-729E-48F7-B3FF-5497270AAC53}.Release|Any CPU.Build.0 = Release|Any CPU
	EndGlobalSection
	GlobalSection(SolutionProperties) = preSolution
		HideSolutionNode = FALSE
	EndGlobalSection
	GlobalSection(ExtensibilityGlobals) = postSolution
		SolutionGuid = {BFACB4C8-91B1-488F-9306-EF3948508891}
	EndGlobalSection
EndGlobal
