
Microsoft Visual Studio Solution File, Format Version 12.00
# Visual Studio Version 16
VisualStudioVersion = 16.0.31129.286
MinimumVisualStudioVersion = 10.0.40219.1
Project("{9A19103F-16F7-4668-BE54-9A1E7A4F7556}") = "_build", "build\_build.csproj", "{FC3A8694-B672-4D67-BBDD-3AEA818DCC81}"
EndProject
Project("{9A19103F-16F7-4668-BE54-9A1E7A4F7556}") = "FinanceManage.TelegramBot", "FinanceManage\FinanceManage.TelegramBot\FinanceManage.TelegramBot.csproj", "{364E3A56-EBE1-4FC3-AD88-7B37C0860F5B}"
EndProject
Project("{9A19103F-16F7-4668-BE54-9A1E7A4F7556}") = "FinanceManage.Models", "FinanceManage\FinanceManage.Models\FinanceManage.Models.csproj", "{9C3FDFAB-823A-41C7-B89B-D2B7D3750762}"
EndProject
Project("{9A19103F-16F7-4668-BE54-9A1E7A4F7556}") = "FinanceManage.Database", "FinanceManage\FinanceManage.Database\FinanceManage.Database.csproj", "{3F8513AA-0420-4DBF-B571-048761B3A4D2}"
EndProject
Project("{FAE04EC0-301F-11D3-BF4B-00C04F79EFBC}") = "FinanceManage.Site.Server", "FinanceManage\FinanceManage.Site\Server\FinanceManage.Site.Server.csproj", "{5F1F2A27-FFCE-4E0D-8974-A4BB84C8A2CD}"
EndProject
Project("{FAE04EC0-301F-11D3-BF4B-00C04F79EFBC}") = "FinanceManage.Site.Client", "FinanceManage\FinanceManage.Site\Client\FinanceManage.Site.Client.csproj", "{F1E77C71-8184-42AB-8C06-1B64C64F3084}"
EndProject
Project("{FAE04EC0-301F-11D3-BF4B-00C04F79EFBC}") = "FinanceManage.Site.Shared", "FinanceManage\FinanceManage.Site\Shared\FinanceManage.Site.Shared.csproj", "{72BE4E15-6246-4989-B5C3-DEDCF9E693C1}"
EndProject
Global
	GlobalSection(SolutionConfigurationPlatforms) = preSolution
		Debug|Any CPU = Debug|Any CPU
		Release|Any CPU = Release|Any CPU
	EndGlobalSection
	GlobalSection(ProjectConfigurationPlatforms) = postSolution
		{FC3A8694-B672-4D67-BBDD-3AEA818DCC81}.Debug|Any CPU.ActiveCfg = Debug|Any CPU
		{FC3A8694-B672-4D67-BBDD-3AEA818DCC81}.Release|Any CPU.ActiveCfg = Release|Any CPU
		{364E3A56-EBE1-4FC3-AD88-7B37C0860F5B}.Debug|Any CPU.ActiveCfg = Debug|Any CPU
		{364E3A56-EBE1-4FC3-AD88-7B37C0860F5B}.Debug|Any CPU.Build.0 = Debug|Any CPU
		{364E3A56-EBE1-4FC3-AD88-7B37C0860F5B}.Release|Any CPU.ActiveCfg = Release|Any CPU
		{364E3A56-EBE1-4FC3-AD88-7B37C0860F5B}.Release|Any CPU.Build.0 = Release|Any CPU
		{9C3FDFAB-823A-41C7-B89B-D2B7D3750762}.Debug|Any CPU.ActiveCfg = Debug|Any CPU
		{9C3FDFAB-823A-41C7-B89B-D2B7D3750762}.Debug|Any CPU.Build.0 = Debug|Any CPU
		{9C3FDFAB-823A-41C7-B89B-D2B7D3750762}.Release|Any CPU.ActiveCfg = Release|Any CPU
		{9C3FDFAB-823A-41C7-B89B-D2B7D3750762}.Release|Any CPU.Build.0 = Release|Any CPU
		{3F8513AA-0420-4DBF-B571-048761B3A4D2}.Debug|Any CPU.ActiveCfg = Debug|Any CPU
		{3F8513AA-0420-4DBF-B571-048761B3A4D2}.Debug|Any CPU.Build.0 = Debug|Any CPU
		{3F8513AA-0420-4DBF-B571-048761B3A4D2}.Release|Any CPU.ActiveCfg = Release|Any CPU
		{3F8513AA-0420-4DBF-B571-048761B3A4D2}.Release|Any CPU.Build.0 = Release|Any CPU
		{5F1F2A27-FFCE-4E0D-8974-A4BB84C8A2CD}.Debug|Any CPU.ActiveCfg = Debug|Any CPU
		{5F1F2A27-FFCE-4E0D-8974-A4BB84C8A2CD}.Debug|Any CPU.Build.0 = Debug|Any CPU
		{5F1F2A27-FFCE-4E0D-8974-A4BB84C8A2CD}.Release|Any CPU.ActiveCfg = Release|Any CPU
		{5F1F2A27-FFCE-4E0D-8974-A4BB84C8A2CD}.Release|Any CPU.Build.0 = Release|Any CPU
		{F1E77C71-8184-42AB-8C06-1B64C64F3084}.Debug|Any CPU.ActiveCfg = Debug|Any CPU
		{F1E77C71-8184-42AB-8C06-1B64C64F3084}.Debug|Any CPU.Build.0 = Debug|Any CPU
		{F1E77C71-8184-42AB-8C06-1B64C64F3084}.Release|Any CPU.ActiveCfg = Release|Any CPU
		{F1E77C71-8184-42AB-8C06-1B64C64F3084}.Release|Any CPU.Build.0 = Release|Any CPU
		{72BE4E15-6246-4989-B5C3-DEDCF9E693C1}.Debug|Any CPU.ActiveCfg = Debug|Any CPU
		{72BE4E15-6246-4989-B5C3-DEDCF9E693C1}.Debug|Any CPU.Build.0 = Debug|Any CPU
		{72BE4E15-6246-4989-B5C3-DEDCF9E693C1}.Release|Any CPU.ActiveCfg = Release|Any CPU
		{72BE4E15-6246-4989-B5C3-DEDCF9E693C1}.Release|Any CPU.Build.0 = Release|Any CPU
	EndGlobalSection
	GlobalSection(SolutionProperties) = preSolution
		HideSolutionNode = FALSE
	EndGlobalSection
	GlobalSection(ExtensibilityGlobals) = postSolution
		SolutionGuid = {BFACB4C8-91B1-488F-9306-EF3948508891}
	EndGlobalSection
EndGlobal
